// !$*UTF8*$!
{
	archiveVersion = 1;
	classes = {
	};
	objectVersion = 46;
	objects = {

/* Begin PBXBuildFile section */
		B9B525E91DD4122E00446D21 /* main.m in Sources */ = {isa = PBXBuildFile; fileRef = B9B525E81DD4122E00446D21 /* main.m */; };
		B9B525EC1DD4122E00446D21 /* AppDelegate.m in Sources */ = {isa = PBXBuildFile; fileRef = B9B525EB1DD4122E00446D21 /* AppDelegate.m */; };
		B9B526021DD4122F00446D21 /* WebViewBenchMarkTests.m in Sources */ = {isa = PBXBuildFile; fileRef = B9B526011DD4122F00446D21 /* WebViewBenchMarkTests.m */; };
		B9B5260D1DD4122F00446D21 /* WebViewBenchMarkUITests.m in Sources */ = {isa = PBXBuildFile; fileRef = B9B5260C1DD4122F00446D21 /* WebViewBenchMarkUITests.m */; };
		B9B526241DD412D800446D21 /* BenchMark_LoadLocalFile.m in Sources */ = {isa = PBXBuildFile; fileRef = B9B5261B1DD412D800446D21 /* BenchMark_LoadLocalFile.m */; };
		B9B526251DD412D800446D21 /* BenchMark_LocalServer.m in Sources */ = {isa = PBXBuildFile; fileRef = B9B5261D1DD412D800446D21 /* BenchMark_LocalServer.m */; };
		B9B526261DD412D800446D21 /* BenchMark_Utils.m in Sources */ = {isa = PBXBuildFile; fileRef = B9B5261F1DD412D800446D21 /* BenchMark_Utils.m */; };
		B9B526271DD412D800446D21 /* BenchMark_WebView.m in Sources */ = {isa = PBXBuildFile; fileRef = B9B526211DD412D800446D21 /* BenchMark_WebView.m */; };
		B9B526281DD412D800446D21 /* ViewController.m in Sources */ = {isa = PBXBuildFile; fileRef = B9B526231DD412D800446D21 /* ViewController.m */; };
		B9B526361DD412F500446D21 /* GCDWebServer.m in Sources */ = {isa = PBXBuildFile; fileRef = B9B5262B1DD412F500446D21 /* GCDWebServer.m */; };
		B9B526371DD412F500446D21 /* GCDWebServerConnection.m in Sources */ = {isa = PBXBuildFile; fileRef = B9B5262D1DD412F500446D21 /* GCDWebServerConnection.m */; };
		B9B526381DD412F500446D21 /* GCDWebServerFunctions.m in Sources */ = {isa = PBXBuildFile; fileRef = B9B5262F1DD412F500446D21 /* GCDWebServerFunctions.m */; };
		B9B526391DD412F500446D21 /* GCDWebServerRequest.m in Sources */ = {isa = PBXBuildFile; fileRef = B9B526331DD412F500446D21 /* GCDWebServerRequest.m */; };
		B9B5263A1DD412F500446D21 /* GCDWebServerResponse.m in Sources */ = {isa = PBXBuildFile; fileRef = B9B526351DD412F500446D21 /* GCDWebServerResponse.m */; };
		B9B526431DD4130100446D21 /* GCDWebServerDataRequest.m in Sources */ = {isa = PBXBuildFile; fileRef = B9B5263C1DD4130100446D21 /* GCDWebServerDataRequest.m */; };
		B9B526441DD4130100446D21 /* GCDWebServerFileRequest.m in Sources */ = {isa = PBXBuildFile; fileRef = B9B5263E1DD4130100446D21 /* GCDWebServerFileRequest.m */; };
		B9B526451DD4130100446D21 /* GCDWebServerMultiPartFormRequest.m in Sources */ = {isa = PBXBuildFile; fileRef = B9B526401DD4130100446D21 /* GCDWebServerMultiPartFormRequest.m */; };
		B9B526461DD4130100446D21 /* GCDWebServerURLEncodedFormRequest.m in Sources */ = {isa = PBXBuildFile; fileRef = B9B526421DD4130100446D21 /* GCDWebServerURLEncodedFormRequest.m */; };
		B9B5264F1DD4130C00446D21 /* GCDWebServerDataResponse.m in Sources */ = {isa = PBXBuildFile; fileRef = B9B526481DD4130C00446D21 /* GCDWebServerDataResponse.m */; };
		B9B526501DD4130C00446D21 /* GCDWebServerErrorResponse.m in Sources */ = {isa = PBXBuildFile; fileRef = B9B5264A1DD4130C00446D21 /* GCDWebServerErrorResponse.m */; };
		B9B526511DD4130C00446D21 /* GCDWebServerFileResponse.m in Sources */ = {isa = PBXBuildFile; fileRef = B9B5264C1DD4130C00446D21 /* GCDWebServerFileResponse.m */; };
		B9B526521DD4130C00446D21 /* GCDWebServerStreamedResponse.m in Sources */ = {isa = PBXBuildFile; fileRef = B9B5264E1DD4130C00446D21 /* GCDWebServerStreamedResponse.m */; };
		B9B526551DD4133000446D21 /* libz.tbd in Frameworks */ = {isa = PBXBuildFile; fileRef = B9B526541DD4133000446D21 /* libz.tbd */; };
/* End PBXBuildFile section */

/* Begin PBXContainerItemProxy section */
		B9B525FE1DD4122F00446D21 /* PBXContainerItemProxy */ = {
			isa = PBXContainerItemProxy;
			containerPortal = B9B525DC1DD4122E00446D21 /* Project object */;
			proxyType = 1;
			remoteGlobalIDString = B9B525E31DD4122E00446D21;
			remoteInfo = WebViewBenchMark;
		};
		B9B526091DD4122F00446D21 /* PBXContainerItemProxy */ = {
			isa = PBXContainerItemProxy;
			containerPortal = B9B525DC1DD4122E00446D21 /* Project object */;
			proxyType = 1;
			remoteGlobalIDString = B9B525E31DD4122E00446D21;
			remoteInfo = WebViewBenchMark;
		};
/* End PBXContainerItemProxy section */

/* Begin PBXFileReference section */
		B9B525E41DD4122E00446D21 /* WebViewBenchMark.app */ = {isa = PBXFileReference; explicitFileType = wrapper.application; includeInIndex = 0; path = WebViewBenchMark.app; sourceTree = BUILT_PRODUCTS_DIR; };
		B9B525E81DD4122E00446D21 /* main.m */ = {isa = PBXFileReference; lastKnownFileType = sourcecode.c.objc; path = main.m; sourceTree = "<group>"; };
		B9B525EA1DD4122E00446D21 /* AppDelegate.h */ = {isa = PBXFileReference; lastKnownFileType = sourcecode.c.h; path = AppDelegate.h; sourceTree = "<group>"; };
		B9B525EB1DD4122E00446D21 /* AppDelegate.m */ = {isa = PBXFileReference; lastKnownFileType = sourcecode.c.objc; path = AppDelegate.m; sourceTree = "<group>"; };
		B9B525F81DD4122E00446D21 /* Info.plist */ = {isa = PBXFileReference; lastKnownFileType = text.plist.xml; path = Info.plist; sourceTree = "<group>"; };
		B9B525FD1DD4122F00446D21 /* WebViewBenchMarkTests.xctest */ = {isa = PBXFileReference; explicitFileType = wrapper.cfbundle; includeInIndex = 0; path = WebViewBenchMarkTests.xctest; sourceTree = BUILT_PRODUCTS_DIR; };
		B9B526011DD4122F00446D21 /* WebViewBenchMarkTests.m */ = {isa = PBXFileReference; lastKnownFileType = sourcecode.c.objc; path = WebViewBenchMarkTests.m; sourceTree = "<group>"; };
		B9B526031DD4122F00446D21 /* Info.plist */ = {isa = PBXFileReference; lastKnownFileType = text.plist.xml; path = Info.plist; sourceTree = "<group>"; };
		B9B526081DD4122F00446D21 /* WebViewBenchMarkUITests.xctest */ = {isa = PBXFileReference; explicitFileType = wrapper.cfbundle; includeInIndex = 0; path = WebViewBenchMarkUITests.xctest; sourceTree = BUILT_PRODUCTS_DIR; };
		B9B5260C1DD4122F00446D21 /* WebViewBenchMarkUITests.m */ = {isa = PBXFileReference; lastKnownFileType = sourcecode.c.objc; path = WebViewBenchMarkUITests.m; sourceTree = "<group>"; };
		B9B5260E1DD4122F00446D21 /* Info.plist */ = {isa = PBXFileReference; lastKnownFileType = text.plist.xml; path = Info.plist; sourceTree = "<group>"; };
		B9B5261A1DD412D800446D21 /* BenchMark_LoadLocalFile.h */ = {isa = PBXFileReference; fileEncoding = 4; lastKnownFileType = sourcecode.c.h; path = BenchMark_LoadLocalFile.h; sourceTree = "<group>"; };
		B9B5261B1DD412D800446D21 /* BenchMark_LoadLocalFile.m */ = {isa = PBXFileReference; fileEncoding = 4; lastKnownFileType = sourcecode.c.objc; path = BenchMark_LoadLocalFile.m; sourceTree = "<group>"; };
		B9B5261C1DD412D800446D21 /* BenchMark_LocalServer.h */ = {isa = PBXFileReference; fileEncoding = 4; lastKnownFileType = sourcecode.c.h; path = BenchMark_LocalServer.h; sourceTree = "<group>"; };
		B9B5261D1DD412D800446D21 /* BenchMark_LocalServer.m */ = {isa = PBXFileReference; fileEncoding = 4; lastKnownFileType = sourcecode.c.objc; path = BenchMark_LocalServer.m; sourceTree = "<group>"; };
		B9B5261E1DD412D800446D21 /* BenchMark_Utils.h */ = {isa = PBXFileReference; fileEncoding = 4; lastKnownFileType = sourcecode.c.h; path = BenchMark_Utils.h; sourceTree = "<group>"; };
		B9B5261F1DD412D800446D21 /* BenchMark_Utils.m */ = {isa = PBXFileReference; fileEncoding = 4; lastKnownFileType = sourcecode.c.objc; path = BenchMark_Utils.m; sourceTree = "<group>"; };
		B9B526201DD412D800446D21 /* BenchMark_WebView.h */ = {isa = PBXFileReference; fileEncoding = 4; lastKnownFileType = sourcecode.c.h; path = BenchMark_WebView.h; sourceTree = "<group>"; };
		B9B526211DD412D800446D21 /* BenchMark_WebView.m */ = {isa = PBXFileReference; fileEncoding = 4; lastKnownFileType = sourcecode.c.objc; path = BenchMark_WebView.m; sourceTree = "<group>"; };
		B9B526221DD412D800446D21 /* ViewController.h */ = {isa = PBXFileReference; fileEncoding = 4; lastKnownFileType = sourcecode.c.h; path = ViewController.h; sourceTree = "<group>"; };
		B9B526231DD412D800446D21 /* ViewController.m */ = {isa = PBXFileReference; fileEncoding = 4; lastKnownFileType = sourcecode.c.objc; path = ViewController.m; sourceTree = "<group>"; };
		B9B5262A1DD412F500446D21 /* GCDWebServer.h */ = {isa = PBXFileReference; fileEncoding = 4; lastKnownFileType = sourcecode.c.h; name = GCDWebServer.h; path = GCDWebServer/Core/GCDWebServer.h; sourceTree = "<group>"; };
		B9B5262B1DD412F500446D21 /* GCDWebServer.m */ = {isa = PBXFileReference; fileEncoding = 4; lastKnownFileType = sourcecode.c.objc; name = GCDWebServer.m; path = GCDWebServer/Core/GCDWebServer.m; sourceTree = "<group>"; };
		B9B5262C1DD412F500446D21 /* GCDWebServerConnection.h */ = {isa = PBXFileReference; fileEncoding = 4; lastKnownFileType = sourcecode.c.h; name = GCDWebServerConnection.h; path = GCDWebServer/Core/GCDWebServerConnection.h; sourceTree = "<group>"; };
		B9B5262D1DD412F500446D21 /* GCDWebServerConnection.m */ = {isa = PBXFileReference; fileEncoding = 4; lastKnownFileType = sourcecode.c.objc; name = GCDWebServerConnection.m; path = GCDWebServer/Core/GCDWebServerConnection.m; sourceTree = "<group>"; };
		B9B5262E1DD412F500446D21 /* GCDWebServerFunctions.h */ = {isa = PBXFileReference; fileEncoding = 4; lastKnownFileType = sourcecode.c.h; name = GCDWebServerFunctions.h; path = GCDWebServer/Core/GCDWebServerFunctions.h; sourceTree = "<group>"; };
		B9B5262F1DD412F500446D21 /* GCDWebServerFunctions.m */ = {isa = PBXFileReference; fileEncoding = 4; lastKnownFileType = sourcecode.c.objc; name = GCDWebServerFunctions.m; path = GCDWebServer/Core/GCDWebServerFunctions.m; sourceTree = "<group>"; };
		B9B526301DD412F500446D21 /* GCDWebServerHTTPStatusCodes.h */ = {isa = PBXFileReference; fileEncoding = 4; lastKnownFileType = sourcecode.c.h; name = GCDWebServerHTTPStatusCodes.h; path = GCDWebServer/Core/GCDWebServerHTTPStatusCodes.h; sourceTree = "<group>"; };
		B9B526311DD412F500446D21 /* GCDWebServerPrivate.h */ = {isa = PBXFileReference; fileEncoding = 4; lastKnownFileType = sourcecode.c.h; name = GCDWebServerPrivate.h; path = GCDWebServer/Core/GCDWebServerPrivate.h; sourceTree = "<group>"; };
		B9B526321DD412F500446D21 /* GCDWebServerRequest.h */ = {isa = PBXFileReference; fileEncoding = 4; lastKnownFileType = sourcecode.c.h; name = GCDWebServerRequest.h; path = GCDWebServer/Core/GCDWebServerRequest.h; sourceTree = "<group>"; };
		B9B526331DD412F500446D21 /* GCDWebServerRequest.m */ = {isa = PBXFileReference; fileEncoding = 4; lastKnownFileType = sourcecode.c.objc; name = GCDWebServerRequest.m; path = GCDWebServer/Core/GCDWebServerRequest.m; sourceTree = "<group>"; };
		B9B526341DD412F500446D21 /* GCDWebServerResponse.h */ = {isa = PBXFileReference; fileEncoding = 4; lastKnownFileType = sourcecode.c.h; name = GCDWebServerResponse.h; path = GCDWebServer/Core/GCDWebServerResponse.h; sourceTree = "<group>"; };
		B9B526351DD412F500446D21 /* GCDWebServerResponse.m */ = {isa = PBXFileReference; fileEncoding = 4; lastKnownFileType = sourcecode.c.objc; name = GCDWebServerResponse.m; path = GCDWebServer/Core/GCDWebServerResponse.m; sourceTree = "<group>"; };
		B9B5263B1DD4130100446D21 /* GCDWebServerDataRequest.h */ = {isa = PBXFileReference; fileEncoding = 4; lastKnownFileType = sourcecode.c.h; name = GCDWebServerDataRequest.h; path = GCDWebServer/Requests/GCDWebServerDataRequest.h; sourceTree = "<group>"; };
		B9B5263C1DD4130100446D21 /* GCDWebServerDataRequest.m */ = {isa = PBXFileReference; fileEncoding = 4; lastKnownFileType = sourcecode.c.objc; name = GCDWebServerDataRequest.m; path = GCDWebServer/Requests/GCDWebServerDataRequest.m; sourceTree = "<group>"; };
		B9B5263D1DD4130100446D21 /* GCDWebServerFileRequest.h */ = {isa = PBXFileReference; fileEncoding = 4; lastKnownFileType = sourcecode.c.h; name = GCDWebServerFileRequest.h; path = GCDWebServer/Requests/GCDWebServerFileRequest.h; sourceTree = "<group>"; };
		B9B5263E1DD4130100446D21 /* GCDWebServerFileRequest.m */ = {isa = PBXFileReference; fileEncoding = 4; lastKnownFileType = sourcecode.c.objc; name = GCDWebServerFileRequest.m; path = GCDWebServer/Requests/GCDWebServerFileRequest.m; sourceTree = "<group>"; };
		B9B5263F1DD4130100446D21 /* GCDWebServerMultiPartFormRequest.h */ = {isa = PBXFileReference; fileEncoding = 4; lastKnownFileType = sourcecode.c.h; name = GCDWebServerMultiPartFormRequest.h; path = GCDWebServer/Requests/GCDWebServerMultiPartFormRequest.h; sourceTree = "<group>"; };
		B9B526401DD4130100446D21 /* GCDWebServerMultiPartFormRequest.m */ = {isa = PBXFileReference; fileEncoding = 4; lastKnownFileType = sourcecode.c.objc; name = GCDWebServerMultiPartFormRequest.m; path = GCDWebServer/Requests/GCDWebServerMultiPartFormRequest.m; sourceTree = "<group>"; };
		B9B526411DD4130100446D21 /* GCDWebServerURLEncodedFormRequest.h */ = {isa = PBXFileReference; fileEncoding = 4; lastKnownFileType = sourcecode.c.h; name = GCDWebServerURLEncodedFormRequest.h; path = GCDWebServer/Requests/GCDWebServerURLEncodedFormRequest.h; sourceTree = "<group>"; };
		B9B526421DD4130100446D21 /* GCDWebServerURLEncodedFormRequest.m */ = {isa = PBXFileReference; fileEncoding = 4; lastKnownFileType = sourcecode.c.objc; name = GCDWebServerURLEncodedFormRequest.m; path = GCDWebServer/Requests/GCDWebServerURLEncodedFormRequest.m; sourceTree = "<group>"; };
		B9B526471DD4130C00446D21 /* GCDWebServerDataResponse.h */ = {isa = PBXFileReference; fileEncoding = 4; lastKnownFileType = sourcecode.c.h; name = GCDWebServerDataResponse.h; path = GCDWebServer/Responses/GCDWebServerDataResponse.h; sourceTree = "<group>"; };
		B9B526481DD4130C00446D21 /* GCDWebServerDataResponse.m */ = {isa = PBXFileReference; fileEncoding = 4; lastKnownFileType = sourcecode.c.objc; name = GCDWebServerDataResponse.m; path = GCDWebServer/Responses/GCDWebServerDataResponse.m; sourceTree = "<group>"; };
		B9B526491DD4130C00446D21 /* GCDWebServerErrorResponse.h */ = {isa = PBXFileReference; fileEncoding = 4; lastKnownFileType = sourcecode.c.h; name = GCDWebServerErrorResponse.h; path = GCDWebServer/Responses/GCDWebServerErrorResponse.h; sourceTree = "<group>"; };
		B9B5264A1DD4130C00446D21 /* GCDWebServerErrorResponse.m */ = {isa = PBXFileReference; fileEncoding = 4; lastKnownFileType = sourcecode.c.objc; name = GCDWebServerErrorResponse.m; path = GCDWebServer/Responses/GCDWebServerErrorResponse.m; sourceTree = "<group>"; };
		B9B5264B1DD4130C00446D21 /* GCDWebServerFileResponse.h */ = {isa = PBXFileReference; fileEncoding = 4; lastKnownFileType = sourcecode.c.h; name = GCDWebServerFileResponse.h; path = GCDWebServer/Responses/GCDWebServerFileResponse.h; sourceTree = "<group>"; };
		B9B5264C1DD4130C00446D21 /* GCDWebServerFileResponse.m */ = {isa = PBXFileReference; fileEncoding = 4; lastKnownFileType = sourcecode.c.objc; name = GCDWebServerFileResponse.m; path = GCDWebServer/Responses/GCDWebServerFileResponse.m; sourceTree = "<group>"; };
		B9B5264D1DD4130C00446D21 /* GCDWebServerStreamedResponse.h */ = {isa = PBXFileReference; fileEncoding = 4; lastKnownFileType = sourcecode.c.h; name = GCDWebServerStreamedResponse.h; path = GCDWebServer/Responses/GCDWebServerStreamedResponse.h; sourceTree = "<group>"; };
		B9B5264E1DD4130C00446D21 /* GCDWebServerStreamedResponse.m */ = {isa = PBXFileReference; fileEncoding = 4; lastKnownFileType = sourcecode.c.objc; name = GCDWebServerStreamedResponse.m; path = GCDWebServer/Responses/GCDWebServerStreamedResponse.m; sourceTree = "<group>"; };
		B9B526541DD4133000446D21 /* libz.tbd */ = {isa = PBXFileReference; lastKnownFileType = "sourcecode.text-based-dylib-definition"; name = libz.tbd; path = usr/lib/libz.tbd; sourceTree = SDKROOT; };
/* End PBXFileReference section */

/* Begin PBXFrameworksBuildPhase section */
		B9B525E11DD4122E00446D21 /* Frameworks */ = {
			isa = PBXFrameworksBuildPhase;
			buildActionMask = 2147483647;
			files = (
				B9B526551DD4133000446D21 /* libz.tbd in Frameworks */,
			);
			runOnlyForDeploymentPostprocessing = 0;
		};
		B9B525FA1DD4122F00446D21 /* Frameworks */ = {
			isa = PBXFrameworksBuildPhase;
			buildActionMask = 2147483647;
			files = (
			);
			runOnlyForDeploymentPostprocessing = 0;
		};
		B9B526051DD4122F00446D21 /* Frameworks */ = {
			isa = PBXFrameworksBuildPhase;
			buildActionMask = 2147483647;
			files = (
			);
			runOnlyForDeploymentPostprocessing = 0;
		};
/* End PBXFrameworksBuildPhase section */

/* Begin PBXGroup section */
		B9B525DB1DD4122E00446D21 = {
			isa = PBXGroup;
			children = (
				B9B525E61DD4122E00446D21 /* WebViewBenchMark */,
				B9B526001DD4122F00446D21 /* WebViewBenchMarkTests */,
				B9B5260B1DD4122F00446D21 /* WebViewBenchMarkUITests */,
				B9B525E51DD4122E00446D21 /* Products */,
				B9B526531DD4133000446D21 /* Frameworks */,
			);
			sourceTree = "<group>";
		};
		B9B525E51DD4122E00446D21 /* Products */ = {
			isa = PBXGroup;
			children = (
				B9B525E41DD4122E00446D21 /* WebViewBenchMark.app */,
				B9B525FD1DD4122F00446D21 /* WebViewBenchMarkTests.xctest */,
				B9B526081DD4122F00446D21 /* WebViewBenchMarkUITests.xctest */,
			);
			name = Products;
			sourceTree = "<group>";
		};
		B9B525E61DD4122E00446D21 /* WebViewBenchMark */ = {
			isa = PBXGroup;
			children = (
				B9B526291DD412E700446D21 /* WebServer */,
				B9B5261A1DD412D800446D21 /* BenchMark_LoadLocalFile.h */,
				B9B5261B1DD412D800446D21 /* BenchMark_LoadLocalFile.m */,
				B9B5261C1DD412D800446D21 /* BenchMark_LocalServer.h */,
				B9B5261D1DD412D800446D21 /* BenchMark_LocalServer.m */,
				B9B5261E1DD412D800446D21 /* BenchMark_Utils.h */,
				B9B5261F1DD412D800446D21 /* BenchMark_Utils.m */,
				B9B526201DD412D800446D21 /* BenchMark_WebView.h */,
				B9B526211DD412D800446D21 /* BenchMark_WebView.m */,
				B9B526221DD412D800446D21 /* ViewController.h */,
				B9B526231DD412D800446D21 /* ViewController.m */,
				B9B525EA1DD4122E00446D21 /* AppDelegate.h */,
				B9B525EB1DD4122E00446D21 /* AppDelegate.m */,
				B9B525E71DD4122E00446D21 /* Supporting Files */,
			);
			path = WebViewBenchMark;
			sourceTree = "<group>";
		};
		B9B525E71DD4122E00446D21 /* Supporting Files */ = {
			isa = PBXGroup;
			children = (
				B9B525F81DD4122E00446D21 /* Info.plist */,
				B9B525E81DD4122E00446D21 /* main.m */,
			);
			name = "Supporting Files";
			sourceTree = "<group>";
		};
		B9B526001DD4122F00446D21 /* WebViewBenchMarkTests */ = {
			isa = PBXGroup;
			children = (
				B9B526011DD4122F00446D21 /* WebViewBenchMarkTests.m */,
				B9B526031DD4122F00446D21 /* Info.plist */,
			);
			path = WebViewBenchMarkTests;
			sourceTree = "<group>";
		};
		B9B5260B1DD4122F00446D21 /* WebViewBenchMarkUITests */ = {
			isa = PBXGroup;
			children = (
				B9B5260C1DD4122F00446D21 /* WebViewBenchMarkUITests.m */,
				B9B5260E1DD4122F00446D21 /* Info.plist */,
			);
			path = WebViewBenchMarkUITests;
			sourceTree = "<group>";
		};
		B9B526291DD412E700446D21 /* WebServer */ = {
			isa = PBXGroup;
			children = (
				B9B526471DD4130C00446D21 /* GCDWebServerDataResponse.h */,
				B9B526481DD4130C00446D21 /* GCDWebServerDataResponse.m */,
				B9B526491DD4130C00446D21 /* GCDWebServerErrorResponse.h */,
				B9B5264A1DD4130C00446D21 /* GCDWebServerErrorResponse.m */,
				B9B5264B1DD4130C00446D21 /* GCDWebServerFileResponse.h */,
				B9B5264C1DD4130C00446D21 /* GCDWebServerFileResponse.m */,
				B9B5264D1DD4130C00446D21 /* GCDWebServerStreamedResponse.h */,
				B9B5264E1DD4130C00446D21 /* GCDWebServerStreamedResponse.m */,
				B9B5263B1DD4130100446D21 /* GCDWebServerDataRequest.h */,
				B9B5263C1DD4130100446D21 /* GCDWebServerDataRequest.m */,
				B9B5263D1DD4130100446D21 /* GCDWebServerFileRequest.h */,
				B9B5263E1DD4130100446D21 /* GCDWebServerFileRequest.m */,
				B9B5263F1DD4130100446D21 /* GCDWebServerMultiPartFormRequest.h */,
				B9B526401DD4130100446D21 /* GCDWebServerMultiPartFormRequest.m */,
				B9B526411DD4130100446D21 /* GCDWebServerURLEncodedFormRequest.h */,
				B9B526421DD4130100446D21 /* GCDWebServerURLEncodedFormRequest.m */,
				B9B5262A1DD412F500446D21 /* GCDWebServer.h */,
				B9B5262B1DD412F500446D21 /* GCDWebServer.m */,
				B9B5262C1DD412F500446D21 /* GCDWebServerConnection.h */,
				B9B5262D1DD412F500446D21 /* GCDWebServerConnection.m */,
				B9B5262E1DD412F500446D21 /* GCDWebServerFunctions.h */,
				B9B5262F1DD412F500446D21 /* GCDWebServerFunctions.m */,
				B9B526301DD412F500446D21 /* GCDWebServerHTTPStatusCodes.h */,
				B9B526311DD412F500446D21 /* GCDWebServerPrivate.h */,
				B9B526321DD412F500446D21 /* GCDWebServerRequest.h */,
				B9B526331DD412F500446D21 /* GCDWebServerRequest.m */,
				B9B526341DD412F500446D21 /* GCDWebServerResponse.h */,
				B9B526351DD412F500446D21 /* GCDWebServerResponse.m */,
			);
			name = WebServer;
			sourceTree = "<group>";
		};
		B9B526531DD4133000446D21 /* Frameworks */ = {
			isa = PBXGroup;
			children = (
				B9B526541DD4133000446D21 /* libz.tbd */,
			);
			name = Frameworks;
			sourceTree = "<group>";
		};
/* End PBXGroup section */

/* Begin PBXNativeTarget section */
		B9B525E31DD4122E00446D21 /* WebViewBenchMark */ = {
			isa = PBXNativeTarget;
			buildConfigurationList = B9B526111DD4122F00446D21 /* Build configuration list for PBXNativeTarget "WebViewBenchMark" */;
			buildPhases = (
				B9B525E01DD4122E00446D21 /* Sources */,
				B9B525E11DD4122E00446D21 /* Frameworks */,
				B9B525E21DD4122E00446D21 /* Resources */,
			);
			buildRules = (
			);
			dependencies = (
			);
			name = WebViewBenchMark;
			productName = WebViewBenchMark;
			productReference = B9B525E41DD4122E00446D21 /* WebViewBenchMark.app */;
			productType = "com.apple.product-type.application";
		};
		B9B525FC1DD4122F00446D21 /* WebViewBenchMarkTests */ = {
			isa = PBXNativeTarget;
			buildConfigurationList = B9B526141DD4122F00446D21 /* Build configuration list for PBXNativeTarget "WebViewBenchMarkTests" */;
			buildPhases = (
				B9B525F91DD4122F00446D21 /* Sources */,
				B9B525FA1DD4122F00446D21 /* Frameworks */,
				B9B525FB1DD4122F00446D21 /* Resources */,
			);
			buildRules = (
			);
			dependencies = (
				B9B525FF1DD4122F00446D21 /* PBXTargetDependency */,
			);
			name = WebViewBenchMarkTests;
			productName = WebViewBenchMarkTests;
			productReference = B9B525FD1DD4122F00446D21 /* WebViewBenchMarkTests.xctest */;
			productType = "com.apple.product-type.bundle.unit-test";
		};
		B9B526071DD4122F00446D21 /* WebViewBenchMarkUITests */ = {
			isa = PBXNativeTarget;
			buildConfigurationList = B9B526171DD4122F00446D21 /* Build configuration list for PBXNativeTarget "WebViewBenchMarkUITests" */;
			buildPhases = (
				B9B526041DD4122F00446D21 /* Sources */,
				B9B526051DD4122F00446D21 /* Frameworks */,
				B9B526061DD4122F00446D21 /* Resources */,
			);
			buildRules = (
			);
			dependencies = (
				B9B5260A1DD4122F00446D21 /* PBXTargetDependency */,
			);
			name = WebViewBenchMarkUITests;
			productName = WebViewBenchMarkUITests;
			productReference = B9B526081DD4122F00446D21 /* WebViewBenchMarkUITests.xctest */;
			productType = "com.apple.product-type.bundle.ui-testing";
		};
/* End PBXNativeTarget section */

/* Begin PBXProject section */
		B9B525DC1DD4122E00446D21 /* Project object */ = {
			isa = PBXProject;
			attributes = {
				LastUpgradeCheck = 0810;
				ORGANIZATIONNAME = dequanzhu;
				TargetAttributes = {
					B9B525E31DD4122E00446D21 = {
						CreatedOnToolsVersion = 8.1;
						ProvisioningStyle = Automatic;
					};
					B9B525FC1DD4122F00446D21 = {
						CreatedOnToolsVersion = 8.1;
						ProvisioningStyle = Automatic;
						TestTargetID = B9B525E31DD4122E00446D21;
					};
					B9B526071DD4122F00446D21 = {
						CreatedOnToolsVersion = 8.1;
						ProvisioningStyle = Automatic;
						TestTargetID = B9B525E31DD4122E00446D21;
					};
				};
			};
			buildConfigurationList = B9B525DF1DD4122E00446D21 /* Build configuration list for PBXProject "WebViewBenchMark" */;
			compatibilityVersion = "Xcode 3.2";
			developmentRegion = English;
			hasScannedForEncodings = 0;
			knownRegions = (
				en,
				Base,
			);
			mainGroup = B9B525DB1DD4122E00446D21;
			productRefGroup = B9B525E51DD4122E00446D21 /* Products */;
			projectDirPath = "";
			projectRoot = "";
			targets = (
				B9B525E31DD4122E00446D21 /* WebViewBenchMark */,
				B9B525FC1DD4122F00446D21 /* WebViewBenchMarkTests */,
				B9B526071DD4122F00446D21 /* WebViewBenchMarkUITests */,
			);
		};
/* End PBXProject section */

/* Begin PBXResourcesBuildPhase section */
		B9B525E21DD4122E00446D21 /* Resources */ = {
			isa = PBXResourcesBuildPhase;
			buildActionMask = 2147483647;
			files = (
			);
			runOnlyForDeploymentPostprocessing = 0;
		};
		B9B525FB1DD4122F00446D21 /* Resources */ = {
			isa = PBXResourcesBuildPhase;
			buildActionMask = 2147483647;
			files = (
			);
			runOnlyForDeploymentPostprocessing = 0;
		};
		B9B526061DD4122F00446D21 /* Resources */ = {
			isa = PBXResourcesBuildPhase;
			buildActionMask = 2147483647;
			files = (
			);
			runOnlyForDeploymentPostprocessing = 0;
		};
/* End PBXResourcesBuildPhase section */

/* Begin PBXSourcesBuildPhase section */
		B9B525E01DD4122E00446D21 /* Sources */ = {
			isa = PBXSourcesBuildPhase;
			buildActionMask = 2147483647;
			files = (
				B9B526281DD412D800446D21 /* ViewController.m in Sources */,
				B9B526431DD4130100446D21 /* GCDWebServerDataRequest.m in Sources */,
				B9B525EC1DD4122E00446D21 /* AppDelegate.m in Sources */,
				B9B526241DD412D800446D21 /* BenchMark_LoadLocalFile.m in Sources */,
				B9B526451DD4130100446D21 /* GCDWebServerMultiPartFormRequest.m in Sources */,
				B9B526251DD412D800446D21 /* BenchMark_LocalServer.m in Sources */,
				B9B526501DD4130C00446D21 /* GCDWebServerErrorResponse.m in Sources */,
				B9B526361DD412F500446D21 /* GCDWebServer.m in Sources */,
				B9B526521DD4130C00446D21 /* GCDWebServerStreamedResponse.m in Sources */,
				B9B526261DD412D800446D21 /* BenchMark_Utils.m in Sources */,
				B9B526381DD412F500446D21 /* GCDWebServerFunctions.m in Sources */,
				B9B526391DD412F500446D21 /* GCDWebServerRequest.m in Sources */,
				B9B525E91DD4122E00446D21 /* main.m in Sources */,
				B9B526461DD4130100446D21 /* GCDWebServerURLEncodedFormRequest.m in Sources */,
				B9B526441DD4130100446D21 /* GCDWebServerFileRequest.m in Sources */,
				B9B526271DD412D800446D21 /* BenchMark_WebView.m in Sources */,
				B9B526371DD412F500446D21 /* GCDWebServerConnection.m in Sources */,
				B9B526511DD4130C00446D21 /* GCDWebServerFileResponse.m in Sources */,
				B9B5263A1DD412F500446D21 /* GCDWebServerResponse.m in Sources */,
				B9B5264F1DD4130C00446D21 /* GCDWebServerDataResponse.m in Sources */,
			);
			runOnlyForDeploymentPostprocessing = 0;
		};
		B9B525F91DD4122F00446D21 /* Sources */ = {
			isa = PBXSourcesBuildPhase;
			buildActionMask = 2147483647;
			files = (
				B9B526021DD4122F00446D21 /* WebViewBenchMarkTests.m in Sources */,
			);
			runOnlyForDeploymentPostprocessing = 0;
		};
		B9B526041DD4122F00446D21 /* Sources */ = {
			isa = PBXSourcesBuildPhase;
			buildActionMask = 2147483647;
			files = (
				B9B5260D1DD4122F00446D21 /* WebViewBenchMarkUITests.m in Sources */,
			);
			runOnlyForDeploymentPostprocessing = 0;
		};
/* End PBXSourcesBuildPhase section */

/* Begin PBXTargetDependency section */
		B9B525FF1DD4122F00446D21 /* PBXTargetDependency */ = {
			isa = PBXTargetDependency;
			target = B9B525E31DD4122E00446D21 /* WebViewBenchMark */;
			targetProxy = B9B525FE1DD4122F00446D21 /* PBXContainerItemProxy */;
		};
		B9B5260A1DD4122F00446D21 /* PBXTargetDependency */ = {
			isa = PBXTargetDependency;
			target = B9B525E31DD4122E00446D21 /* WebViewBenchMark */;
			targetProxy = B9B526091DD4122F00446D21 /* PBXContainerItemProxy */;
		};
/* End PBXTargetDependency section */

/* Begin XCBuildConfiguration section */
		B9B5260F1DD4122F00446D21 /* Debug */ = {
			isa = XCBuildConfiguration;
			buildSettings = {
				ALWAYS_SEARCH_USER_PATHS = NO;
				CLANG_ANALYZER_NONNULL = YES;
				CLANG_CXX_LANGUAGE_STANDARD = "gnu++0x";
				CLANG_CXX_LIBRARY = "libc++";
				CLANG_ENABLE_MODULES = YES;
				CLANG_ENABLE_OBJC_ARC = YES;
				CLANG_WARN_BOOL_CONVERSION = YES;
				CLANG_WARN_CONSTANT_CONVERSION = YES;
				CLANG_WARN_DIRECT_OBJC_ISA_USAGE = YES_ERROR;
				CLANG_WARN_DOCUMENTATION_COMMENTS = YES;
				CLANG_WARN_EMPTY_BODY = YES;
				CLANG_WARN_ENUM_CONVERSION = YES;
				CLANG_WARN_INFINITE_RECURSION = YES;
				CLANG_WARN_INT_CONVERSION = YES;
				CLANG_WARN_OBJC_ROOT_CLASS = YES_ERROR;
				CLANG_WARN_SUSPICIOUS_MOVES = YES;
				CLANG_WARN_UNREACHABLE_CODE = YES;
				CLANG_WARN__DUPLICATE_METHOD_MATCH = YES;
				"CODE_SIGN_IDENTITY[sdk=iphoneos*]" = "iPhone Developer";
				COPY_PHASE_STRIP = NO;
				DEBUG_INFORMATION_FORMAT = dwarf;
				ENABLE_STRICT_OBJC_MSGSEND = YES;
				ENABLE_TESTABILITY = YES;
				GCC_C_LANGUAGE_STANDARD = gnu99;
				GCC_DYNAMIC_NO_PIC = NO;
				GCC_NO_COMMON_BLOCKS = YES;
				GCC_OPTIMIZATION_LEVEL = 0;
				GCC_PREPROCESSOR_DEFINITIONS = (
					"DEBUG=1",
					"$(inherited)",
				);
				GCC_WARN_64_TO_32_BIT_CONVERSION = YES;
				GCC_WARN_ABOUT_RETURN_TYPE = YES_ERROR;
				GCC_WARN_UNDECLARED_SELECTOR = YES;
				GCC_WARN_UNINITIALIZED_AUTOS = YES_AGGRESSIVE;
				GCC_WARN_UNUSED_FUNCTION = YES;
				GCC_WARN_UNUSED_VARIABLE = YES;
				IPHONEOS_DEPLOYMENT_TARGET = 10.1;
				MTL_ENABLE_DEBUG_INFO = YES;
				ONLY_ACTIVE_ARCH = YES;
				SDKROOT = iphoneos;
			};
			name = Debug;
		};
		B9B526101DD4122F00446D21 /* Release */ = {
			isa = XCBuildConfiguration;
			buildSettings = {
				ALWAYS_SEARCH_USER_PATHS = NO;
				CLANG_ANALYZER_NONNULL = YES;
				CLANG_CXX_LANGUAGE_STANDARD = "gnu++0x";
				CLANG_CXX_LIBRARY = "libc++";
				CLANG_ENABLE_MODULES = YES;
				CLANG_ENABLE_OBJC_ARC = YES;
				CLANG_WARN_BOOL_CONVERSION = YES;
				CLANG_WARN_CONSTANT_CONVERSION = YES;
				CLANG_WARN_DIRECT_OBJC_ISA_USAGE = YES_ERROR;
				CLANG_WARN_DOCUMENTATION_COMMENTS = YES;
				CLANG_WARN_EMPTY_BODY = YES;
				CLANG_WARN_ENUM_CONVERSION = YES;
				CLANG_WARN_INFINITE_RECURSION = YES;
				CLANG_WARN_INT_CONVERSION = YES;
				CLANG_WARN_OBJC_ROOT_CLASS = YES_ERROR;
				CLANG_WARN_SUSPICIOUS_MOVES = YES;
				CLANG_WARN_UNREACHABLE_CODE = YES;
				CLANG_WARN__DUPLICATE_METHOD_MATCH = YES;
				"CODE_SIGN_IDENTITY[sdk=iphoneos*]" = "iPhone Developer";
				COPY_PHASE_STRIP = NO;
				DEBUG_INFORMATION_FORMAT = "dwarf-with-dsym";
				ENABLE_NS_ASSERTIONS = NO;
				ENABLE_STRICT_OBJC_MSGSEND = YES;
				GCC_C_LANGUAGE_STANDARD = gnu99;
				GCC_NO_COMMON_BLOCKS = YES;
				GCC_WARN_64_TO_32_BIT_CONVERSION = YES;
				GCC_WARN_ABOUT_RETURN_TYPE = YES_ERROR;
				GCC_WARN_UNDECLARED_SELECTOR = YES;
				GCC_WARN_UNINITIALIZED_AUTOS = YES_AGGRESSIVE;
				GCC_WARN_UNUSED_FUNCTION = YES;
				GCC_WARN_UNUSED_VARIABLE = YES;
				IPHONEOS_DEPLOYMENT_TARGET = 10.1;
				MTL_ENABLE_DEBUG_INFO = NO;
				SDKROOT = iphoneos;
				VALIDATE_PRODUCT = YES;
			};
			name = Release;
		};
		B9B526121DD4122F00446D21 /* Debug */ = {
			isa = XCBuildConfiguration;
			buildSettings = {
				ASSETCATALOG_COMPILER_APPICON_NAME = AppIcon;
				INFOPLIST_FILE = WebViewBenchMark/Info.plist;
				IPHONEOS_DEPLOYMENT_TARGET = 8.0;
				LD_RUNPATH_SEARCH_PATHS = "$(inherited) @executable_path/Frameworks";
				PRODUCT_BUNDLE_IDENTIFIER = dequanzhu.WebViewBenchMark;
				PRODUCT_NAME = "$(TARGET_NAME)";
			};
			name = Debug;
		};
		B9B526131DD4122F00446D21 /* Release */ = {
			isa = XCBuildConfiguration;
			buildSettings = {
				ASSETCATALOG_COMPILER_APPICON_NAME = AppIcon;
				INFOPLIST_FILE = WebViewBenchMark/Info.plist;
				IPHONEOS_DEPLOYMENT_TARGET = 8.0;
				LD_RUNPATH_SEARCH_PATHS = "$(inherited) @executable_path/Frameworks";
				PRODUCT_BUNDLE_IDENTIFIER = dequanzhu.WebViewBenchMark;
				PRODUCT_NAME = "$(TARGET_NAME)";
			};
			name = Release;
		};
		B9B526151DD4122F00446D21 /* Debug */ = {
			isa = XCBuildConfiguration;
			buildSettings = {
				BUNDLE_LOADER = "$(TEST_HOST)";
				INFOPLIST_FILE = WebViewBenchMarkTests/Info.plist;
				LD_RUNPATH_SEARCH_PATHS = "$(inherited) @executable_path/Frameworks @loader_path/Frameworks";
				PRODUCT_BUNDLE_IDENTIFIER = dequanzhu.WebViewBenchMarkTests;
				PRODUCT_NAME = "$(TARGET_NAME)";
				TEST_HOST = "$(BUILT_PRODUCTS_DIR)/WebViewBenchMark.app/WebViewBenchMark";
			};
			name = Debug;
		};
		B9B526161DD4122F00446D21 /* Release */ = {
			isa = XCBuildConfiguration;
			buildSettings = {
				BUNDLE_LOADER = "$(TEST_HOST)";
				INFOPLIST_FILE = WebViewBenchMarkTests/Info.plist;
				LD_RUNPATH_SEARCH_PATHS = "$(inherited) @executable_path/Frameworks @loader_path/Frameworks";
				PRODUCT_BUNDLE_IDENTIFIER = dequanzhu.WebViewBenchMarkTests;
				PRODUCT_NAME = "$(TARGET_NAME)";
				TEST_HOST = "$(BUILT_PRODUCTS_DIR)/WebViewBenchMark.app/WebViewBenchMark";
			};
			name = Release;
		};
		B9B526181DD4122F00446D21 /* Debug */ = {
			isa = XCBuildConfiguration;
			buildSettings = {
				INFOPLIST_FILE = WebViewBenchMarkUITests/Info.plist;
				LD_RUNPATH_SEARCH_PATHS = "$(inherited) @executable_path/Frameworks @loader_path/Frameworks";
				PRODUCT_BUNDLE_IDENTIFIER = dequanzhu.WebViewBenchMarkUITests;
				PRODUCT_NAME = "$(TARGET_NAME)";
				TEST_TARGET_NAME = WebViewBenchMark;
			};
			name = Debug;
		};
		B9B526191DD4122F00446D21 /* Release */ = {
			isa = XCBuildConfiguration;
			buildSettings = {
				INFOPLIST_FILE = WebViewBenchMarkUITests/Info.plist;
				LD_RUNPATH_SEARCH_PATHS = "$(inherited) @executable_path/Frameworks @loader_path/Frameworks";
				PRODUCT_BUNDLE_IDENTIFIER = dequanzhu.WebViewBenchMarkUITests;
				PRODUCT_NAME = "$(TARGET_NAME)";
				TEST_TARGET_NAME = WebViewBenchMark;
			};
			name = Release;
		};
/* End XCBuildConfiguration section */

/* Begin XCConfigurationList section */
		B9B525DF1DD4122E00446D21 /* Build configuration list for PBXProject "WebViewBenchMark" */ = {
			isa = XCConfigurationList;
			buildConfigurations = (
				B9B5260F1DD4122F00446D21 /* Debug */,
				B9B526101DD4122F00446D21 /* Release */,
			);
			defaultConfigurationIsVisible = 0;
			defaultConfigurationName = Release;
		};
		B9B526111DD4122F00446D21 /* Build configuration list for PBXNativeTarget "WebViewBenchMark" */ = {
			isa = XCConfigurationList;
			buildConfigurations = (
				B9B526121DD4122F00446D21 /* Debug */,
				B9B526131DD4122F00446D21 /* Release */,
			);
			defaultConfigurationIsVisible = 0;
		};
		B9B526141DD4122F00446D21 /* Build configuration list for PBXNativeTarget "WebViewBenchMarkTests" */ = {
			isa = XCConfigurationList;
			buildConfigurations = (
				B9B526151DD4122F00446D21 /* Debug */,
				B9B526161DD4122F00446D21 /* Release */,
			);
			defaultConfigurationIsVisible = 0;
		};
		B9B526171DD4122F00446D21 /* Build configuration list for PBXNativeTarget "WebViewBenchMarkUITests" */ = {
			isa = XCConfigurationList;
			buildConfigurations = (
				B9B526181DD4122F00446D21 /* Debug */,
				B9B526191DD4122F00446D21 /* Release */,
			);
			defaultConfigurationIsVisible = 0;
		};
/* End XCConfigurationList section */
	};
	rootObject = B9B525DC1DD4122E00446D21 /* Project object */;
}
